# @generated - this file is auto-generated by `mise lock` https://mise.jdx.dev/dev-tools/mise-lock.html

[[tools."cargo:bacon"]]
version = "3.22.0"
backend = "cargo:bacon"

[[tools."cargo:cargo-expand"]]
version = "1.0.121"
backend = "cargo:cargo-expand"

[[tools."cargo:cargo-sweep"]]
version = "0.8.0"
backend = "cargo:cargo-sweep"

[[tools."cargo:https://github.com/estin/simple-completion-language-server"]]
version = "HEAD"
backend = "cargo:https://github.com/estin/simple-completion-language-server"

[[tools."cargo:https://github.com/itsjunetime/tdf.git"]]
version = "HEAD"
backend = "cargo:https://github.com/itsjunetime/tdf.git"

[[tools."cargo:typst-cli"]]
version = "0.14.2"
backend = "cargo:typst-cli"

[[tools.claude-code]]
version = "2.1.100"
backend = "aqua:anthropics/claude-code"

[tools.claude-code."platforms.linux-arm64"]
url = "https://storage.googleapis.com/claude-code-dist-86c565f3-f756-42ad-8dfa-d59b1c096819/claude-code-releases/2.1.100/linux-arm64/claude"

[tools.claude-code."platforms.linux-arm64-musl"]
url = "https://storage.googleapis.com/claude-code-dist-86c565f3-f756-42ad-8dfa-d59b1c096819/claude-code-releases/2.1.100/linux-arm64/claude"

[tools.claude-code."platforms.linux-x64"]
url = "https://storage.googleapis.com/claude-code-dist-86c565f3-f756-42ad-8dfa-d59b1c096819/claude-code-releases/2.1.100/linux-x64/claude"

[tools.claude-code."platforms.linux-x64-musl"]
url = "https://storage.googleapis.com/claude-code-dist-86c565f3-f756-42ad-8dfa-d59b1c096819/claude-code-releases/2.1.100/linux-x64/claude"

[tools.claude-code."platforms.macos-arm64"]
url = "https://storage.googleapis.com/claude-code-dist-86c565f3-f756-42ad-8dfa-d59b1c096819/claude-code-releases/2.1.100/darwin-arm64/claude"

[tools.claude-code."platforms.macos-x64"]
url = "https://storage.googleapis.com/claude-code-dist-86c565f3-f756-42ad-8dfa-d59b1c096819/claude-code-releases/2.1.100/darwin-x64/claude"

[[tools.deno]]
version = "2.7.12"
backend = "core:deno"

[tools.deno."platforms.linux-arm64"]
checksum = "sha256:4116c1bb5fa2bba348a1f89c5392d5ecdbb505dd7166796870660556ea6c6c53"
url = "https://dl.deno.land/release/v2.7.12/deno-aarch64-unknown-linux-gnu.zip"

[tools.deno."platforms.linux-arm64-musl"]
checksum = "sha256:4116c1bb5fa2bba348a1f89c5392d5ecdbb505dd7166796870660556ea6c6c53"
url = "https://dl.deno.land/release/v2.7.12/deno-aarch64-unknown-linux-gnu.zip"

[tools.deno."platforms.linux-x64"]
checksum = "sha256:4646ec32b4296fdf963a62a3df3d57e342a3c70376976e5690c34d42e23a3080"
url = "https://dl.deno.land/release/v2.7.12/deno-x86_64-unknown-linux-gnu.zip"

[tools.deno."platforms.linux-x64-musl"]
checksum = "sha256:4646ec32b4296fdf963a62a3df3d57e342a3c70376976e5690c34d42e23a3080"
url = "https://dl.deno.land/release/v2.7.12/deno-x86_64-unknown-linux-gnu.zip"

[tools.deno."platforms.macos-arm64"]
checksum = "sha256:4694916acf93954611339618f19dfec01d8128d9a11402838e65be76e572bc5e"
url = "https://dl.deno.land/release/v2.7.12/deno-aarch64-apple-darwin.zip"

[tools.deno."platforms.macos-x64"]
checksum = "sha256:b303d779f20b9ce01355e65430cd9bf921b3b34fa04bde01e1ccea05f180fddc"
url = "https://dl.deno.land/release/v2.7.12/deno-x86_64-apple-darwin.zip"

[tools.deno."platforms.windows-x64"]
checksum = "sha256:Algorithm"
url = "https://dl.deno.land/release/v2.7.12/deno-x86_64-pc-windows-msvc.zip"

[[tools.fd]]
version = "10.4.2"
backend = "aqua:sharkdp/fd"

[tools.fd."platforms.linux-arm64"]
checksum = "sha256:f32d3657473fba74e2600babc8db0b93420d51169223b7e8143b2ed55d8fd9e8"
url = "https://github.com/sharkdp/fd/releases/download/v10.4.2/fd-v10.4.2-aarch64-unknown-linux-musl.tar.gz"

[tools.fd."platforms.linux-arm64-musl"]
checksum = "sha256:f32d3657473fba74e2600babc8db0b93420d51169223b7e8143b2ed55d8fd9e8"
url = "https://github.com/sharkdp/fd/releases/download/v10.4.2/fd-v10.4.2-aarch64-unknown-linux-musl.tar.gz"

[tools.fd."platforms.linux-x64"]
checksum = "sha256:e3257d48e29a6be965187dbd24ce9af564e0fe67b3e73c9bdcd180f4ec11bdde"
url = "https://github.com/sharkdp/fd/releases/download/v10.4.2/fd-v10.4.2-x86_64-unknown-linux-musl.tar.gz"

[tools.fd."platforms.linux-x64-musl"]
checksum = "sha256:e3257d48e29a6be965187dbd24ce9af564e0fe67b3e73c9bdcd180f4ec11bdde"
url = "https://github.com/sharkdp/fd/releases/download/v10.4.2/fd-v10.4.2-x86_64-unknown-linux-musl.tar.gz"

[tools.fd."platforms.macos-arm64"]
checksum = "sha256:623dc0afc81b92e4d4606b380d7bc91916ba7b97814263e554d50923a39e480a"
url = "https://github.com/sharkdp/fd/releases/download/v10.4.2/fd-v10.4.2-aarch64-apple-darwin.tar.gz"

[tools.fd."platforms.windows-x64"]
checksum = "sha256:b2816e506390a89941c63c9187d58a3cc10e9a55f2ef0685f9ea0eccaf7c98c8"
url = "https://github.com/sharkdp/fd/releases/download/v10.4.2/fd-v10.4.2-x86_64-pc-windows-msvc.zip"

[[tools.fzf]]
version = "0.71.0"
backend = "aqua:junegunn/fzf"

[tools.fzf."platforms.linux-arm64"]
checksum = "sha256:98b7d322efae9c37e4bfbbab1cbcd8722eb742d9399511f96375feb40cc35d1d"
url = "https://github.com/junegunn/fzf/releases/download/v0.71.0/fzf-0.71.0-linux_arm64.tar.gz"

[tools.fzf."platforms.linux-arm64-musl"]
checksum = "sha256:98b7d322efae9c37e4bfbbab1cbcd8722eb742d9399511f96375feb40cc35d1d"
url = "https://github.com/junegunn/fzf/releases/download/v0.71.0/fzf-0.71.0-linux_arm64.tar.gz"

[tools.fzf."platforms.linux-x64"]
checksum = "sha256:22639bb38489dbca8acef57850cbb50231ab714d0e8e855ac52fae8b41233df4"
url = "https://github.com/junegunn/fzf/releases/download/v0.71.0/fzf-0.71.0-linux_amd64.tar.gz"

[tools.fzf."platforms.linux-x64-musl"]
checksum = "sha256:22639bb38489dbca8acef57850cbb50231ab714d0e8e855ac52fae8b41233df4"
url = "https://github.com/junegunn/fzf/releases/download/v0.71.0/fzf-0.71.0-linux_amd64.tar.gz"

[tools.fzf."platforms.macos-arm64"]
checksum = "sha256:02dfb11de8773cb79aa4fc5bfc77e75c6604ee14728bc849fc162dd91a9714c4"
url = "https://github.com/junegunn/fzf/releases/download/v0.71.0/fzf-0.71.0-darwin_arm64.tar.gz"

[tools.fzf."platforms.macos-x64"]
checksum = "sha256:144e98ee6bcffaf915366162768000561cd2db8fb53b119d73110391a8e5b5f0"
url = "https://github.com/junegunn/fzf/releases/download/v0.71.0/fzf-0.71.0-darwin_amd64.tar.gz"

[tools.fzf."platforms.windows-x64"]
checksum = "sha256:15bf30fa658c596d740f0ce9a9a97b6b5d90566124903657d09fd109dd0973d2"
url = "https://github.com/junegunn/fzf/releases/download/v0.71.0/fzf-0.71.0-windows_amd64.zip"

[[tools."gem:rubocop"]]
version = "1.86.1"
backend = "gem:rubocop"

[[tools."gem:ruby-lsp"]]
version = "0.26.9"
backend = "gem:ruby-lsp"

[[tools.gh]]
version = "2.89.0"
backend = "aqua:cli/cli"

[tools.gh."platforms.linux-arm64"]
checksum = "sha256:9e64a623dfc242990aa5d9b3f507111149c4282f66b68eaad1dc79eeb13b9ce5"
url = "https://github.com/cli/cli/releases/download/v2.89.0/gh_2.89.0_linux_arm64.tar.gz"
provenance = "github-attestations"

[tools.gh."platforms.linux-arm64-musl"]
checksum = "sha256:9e64a623dfc242990aa5d9b3f507111149c4282f66b68eaad1dc79eeb13b9ce5"
url = "https://github.com/cli/cli/releases/download/v2.89.0/gh_2.89.0_linux_arm64.tar.gz"
provenance = "github-attestations"

[tools.gh."platforms.linux-x64"]
checksum = "sha256:d0422caade520530e76c1c558da47daebaa8e1203d6b7ff10ad7d6faba3490d8"
url = "https://github.com/cli/cli/releases/download/v2.89.0/gh_2.89.0_linux_amd64.tar.gz"
provenance = "github-attestations"

[tools.gh."platforms.linux-x64-musl"]
checksum = "sha256:d0422caade520530e76c1c558da47daebaa8e1203d6b7ff10ad7d6faba3490d8"
url = "https://github.com/cli/cli/releases/download/v2.89.0/gh_2.89.0_linux_amd64.tar.gz"
provenance = "github-attestations"

[tools.gh."platforms.macos-arm64"]
checksum = "sha256:2423d02ec0a2094898c378703a1b28a5846c08700f87461363857cb8cb3fda94"
url = "https://github.com/cli/cli/releases/download/v2.89.0/gh_2.89.0_macOS_arm64.zip"
provenance = "github-attestations"

[tools.gh."platforms.macos-x64"]
checksum = "sha256:862e21cac6a71f81e7cd6e5127e3cd344f8537441ad2db94cd208319dd17b6e9"
url = "https://github.com/cli/cli/releases/download/v2.89.0/gh_2.89.0_macOS_amd64.zip"
provenance = "github-attestations"

[tools.gh."platforms.windows-x64"]
checksum = "sha256:f3326f6406c98c99701b257d77e2b040eedf83d0176c2c2e9809aa339ceb467e"
url = "https://github.com/cli/cli/releases/download/v2.89.0/gh_2.89.0_windows_amd64.zip"
provenance = "github-attestations"

[[tools.ghq]]
version = "1.10.0"
backend = "aqua:x-motemen/ghq"

[tools.ghq."platforms.linux-arm64"]
checksum = "sha256:0e4742e24b11c2e23fdc8513e2d277cca52ac2a81fd4566680cd1d6192ea75ea"
url = "https://github.com/x-motemen/ghq/releases/download/v1.10.0/ghq_linux_arm64.zip"

[tools.ghq."platforms.linux-arm64-musl"]
checksum = "sha256:0e4742e24b11c2e23fdc8513e2d277cca52ac2a81fd4566680cd1d6192ea75ea"
url = "https://github.com/x-motemen/ghq/releases/download/v1.10.0/ghq_linux_arm64.zip"

[tools.ghq."platforms.linux-x64"]
checksum = "sha256:079a329c80ef028aeba6957a99b896656537b51dedd083cebb47d7b620d891a6"
url = "https://github.com/x-motemen/ghq/releases/download/v1.10.0/ghq_linux_amd64.zip"

[tools.ghq."platforms.linux-x64-musl"]
checksum = "sha256:079a329c80ef028aeba6957a99b896656537b51dedd083cebb47d7b620d891a6"
url = "https://github.com/x-motemen/ghq/releases/download/v1.10.0/ghq_linux_amd64.zip"

[tools.ghq."platforms.macos-arm64"]
checksum = "sha256:94e973afdbb58e3f2560aaca689767f379c3badd934a68d611673f89d7bfc19e"
url = "https://github.com/x-motemen/ghq/releases/download/v1.10.0/ghq_darwin_arm64.zip"

[tools.ghq."platforms.macos-x64"]
checksum = "sha256:3f602eebcbdbdf99333ff17b7cf9ba7b2c72bfd0e29ddb9151b5cfb3969335a9"
url = "https://github.com/x-motemen/ghq/releases/download/v1.10.0/ghq_darwin_amd64.zip"

[tools.ghq."platforms.windows-x64"]
checksum = "sha256:04428613f5f3901e923d6ee87fe963b3f1e4e467661c9740bebb18af4d08fae9"
url = "https://github.com/x-motemen/ghq/releases/download/v1.10.0/ghq_windows_amd64.zip"

[[tools."github:Myriad-Dreamin/tinymist"]]
version = "0.14.16"
backend = "github:Myriad-Dreamin/tinymist"

[tools."github:Myriad-Dreamin/tinymist"."platforms.linux-arm64"]
checksum = "sha256:3aef71a2c428e25c2ab1e293391c58b842ea22479f502ec5f2eea2e3b6fe85b4"
url = "https://github.com/Myriad-Dreamin/tinymist/releases/download/v0.14.16/tinymist-aarch64-unknown-linux-gnu.tar.gz"
url_api = "https://api.github.com/repos/Myriad-Dreamin/tinymist/releases/assets/389100385"

[tools."github:Myriad-Dreamin/tinymist"."platforms.linux-arm64-musl"]
checksum = "sha256:b9d860af30f9212c18cc4ced160c2bf42d6e2acac3f968d9dd5d96eb6738bfec"
url = "https://github.com/Myriad-Dreamin/tinymist/releases/download/v0.14.16/tinymist-aarch64-unknown-linux-musl.tar.gz"
url_api = "https://api.github.com/repos/Myriad-Dreamin/tinymist/releases/assets/389100387"

[tools."github:Myriad-Dreamin/tinymist"."platforms.linux-x64"]
checksum = "sha256:c36e3ec2bcbc37610a4b21c032efe78928f4925b1a8987b30997914ef650af03"
url = "https://github.com/Myriad-Dreamin/tinymist/releases/download/v0.14.16/tinymist-viewer-x86_64-unknown-linux-gnu.tar.gz"
url_api = "https://api.github.com/repos/Myriad-Dreamin/tinymist/releases/assets/389100452"

[tools."github:Myriad-Dreamin/tinymist"."platforms.linux-x64-musl"]
checksum = "sha256:2c7b82ae82596cb0385bdf0b044c2f3b002fbde142b902b70acb099ca097b626"
url = "https://github.com/Myriad-Dreamin/tinymist/releases/download/v0.14.16/tinymist-viewer-x86_64-unknown-linux-musl.tar.gz"
url_api = "https://api.github.com/repos/Myriad-Dreamin/tinymist/releases/assets/389100454"

[tools."github:Myriad-Dreamin/tinymist"."platforms.macos-arm64"]
checksum = "sha256:3c077f74d1caa6e2cbb5d4726e5ef4f5f49e7ecb4a6742a2e7a7e72e7133ba87"
url = "https://github.com/Myriad-Dreamin/tinymist/releases/download/v0.14.16/tinymist-aarch64-apple-darwin.tar.gz"
url_api = "https://api.github.com/repos/Myriad-Dreamin/tinymist/releases/assets/389100379"

[tools."github:Myriad-Dreamin/tinymist"."platforms.macos-x64"]
checksum = "sha256:e9defc4d074e0e6a188746f187e3971590c212f60476bbfb77950a8cb70f3b8f"
url = "https://github.com/Myriad-Dreamin/tinymist/releases/download/v0.14.16/tinymist-viewer-x86_64-apple-darwin.tar.gz"
url_api = "https://api.github.com/repos/Myriad-Dreamin/tinymist/releases/assets/389100447"

[tools."github:Myriad-Dreamin/tinymist"."platforms.windows-x64"]
checksum = "sha256:55bc8b757517e1114ed7b7d317bf78562c5e259eab4ecf16ecce359215ab39d9"
url = "https://github.com/Myriad-Dreamin/tinymist/releases/download/v0.14.16/tinymist-viewer-x86_64-pc-windows-msvc.zip"
url_api = "https://api.github.com/repos/Myriad-Dreamin/tinymist/releases/assets/389100450"

[[tools.go]]
version = "1.26.2"
backend = "core:go"

[tools.go."platforms.linux-arm64"]
checksum = "sha256:c958a1fe1b361391db163a485e21f5f228142d6f8b584f6bef89b26f66dc5b23"
url = "https://dl.google.com/go/go1.26.2.linux-arm64.tar.gz"

[tools.go."platforms.linux-arm64-musl"]
checksum = "sha256:c958a1fe1b361391db163a485e21f5f228142d6f8b584f6bef89b26f66dc5b23"
url = "https://dl.google.com/go/go1.26.2.linux-arm64.tar.gz"

[tools.go."platforms.linux-x64"]
checksum = "sha256:990e6b4bbba816dc3ee129eaeaf4b42f17c2800b88a2166c265ac1a200262282"
url = "https://dl.google.com/go/go1.26.2.linux-amd64.tar.gz"

[tools.go."platforms.linux-x64-musl"]
checksum = "sha256:990e6b4bbba816dc3ee129eaeaf4b42f17c2800b88a2166c265ac1a200262282"
url = "https://dl.google.com/go/go1.26.2.linux-amd64.tar.gz"

[tools.go."platforms.macos-arm64"]
checksum = "sha256:32af1522bf3e3ff3975864780a429cc0b41d190ec7bf90faa661d6d64566e7af"
url = "https://dl.google.com/go/go1.26.2.darwin-arm64.tar.gz"

[tools.go."platforms.macos-x64"]
checksum = "sha256:bc3f1500d9968c36d705442d90ba91addf9271665033748b82532682e90a7966"
url = "https://dl.google.com/go/go1.26.2.darwin-amd64.tar.gz"

[tools.go."platforms.windows-x64"]
checksum = "sha256:98eb3570bade15cb826b0909338df6cc6d2cf590bc39c471142002db3832b708"
url = "https://dl.google.com/go/go1.26.2.windows-amd64.zip"

[[tools."go:github.com/d-kuro/gwq/cmd/gwq"]]
version = "0.0.17"
backend = "go:github.com/d-kuro/gwq/cmd/gwq"

[[tools."go:github.com/mattn/efm-langserver"]]
version = "0.0.56"
backend = "go:github.com/mattn/efm-langserver"

[[tools.helix]]
version = "25.07.1"
backend = "aqua:helix-editor/helix"

[tools.helix."platforms.linux-arm64"]
checksum = "sha256:ce23fa8d395e633e3e54c052012f11965d91d8d5c2bfa659685f50430b4f8175"
url = "https://github.com/helix-editor/helix/releases/download/25.07.1/helix-25.07.1-aarch64-linux.tar.xz"

[tools.helix."platforms.linux-arm64-musl"]
checksum = "sha256:ce23fa8d395e633e3e54c052012f11965d91d8d5c2bfa659685f50430b4f8175"
url = "https://github.com/helix-editor/helix/releases/download/25.07.1/helix-25.07.1-aarch64-linux.tar.xz"

[tools.helix."platforms.linux-x64"]
checksum = "sha256:3f08e63ecd388fff657ad39722f88bb03dcf326f1f2da2700d99e1dc40ab2e8b"
url = "https://github.com/helix-editor/helix/releases/download/25.07.1/helix-25.07.1-x86_64-linux.tar.xz"

[tools.helix."platforms.linux-x64-musl"]
checksum = "sha256:3f08e63ecd388fff657ad39722f88bb03dcf326f1f2da2700d99e1dc40ab2e8b"
url = "https://github.com/helix-editor/helix/releases/download/25.07.1/helix-25.07.1-x86_64-linux.tar.xz"

[tools.helix."platforms.macos-arm64"]
checksum = "sha256:00b1651b4fdbbe0a2ae981c8e76b858bd26a7c33f5b3583f3b6bb9137d54f1ff"
url = "https://github.com/helix-editor/helix/releases/download/25.07.1/helix-25.07.1-aarch64-macos.tar.xz"

[tools.helix."platforms.macos-x64"]
checksum = "sha256:84dc32d617d28d32f4aa21e3aafac47bd715d1154aeb977697d4d60b887b7103"
url = "https://github.com/helix-editor/helix/releases/download/25.07.1/helix-25.07.1-x86_64-macos.tar.xz"

[tools.helix."platforms.windows-x64"]
checksum = "sha256:5c8325ced8bacd8418d62706f669e96d9c3578a9237526e34d546900cbc049b6"
url = "https://github.com/helix-editor/helix/releases/download/25.07.1/helix-25.07.1-x86_64-windows.zip"

[[tools.jq]]
version = "1.8.1"
backend = "aqua:jqlang/jq"

[tools.jq."platforms.linux-arm64"]
checksum = "sha256:6bc62f25981328edd3cfcfe6fe51b073f2d7e7710d7ef7fcdac28d4e384fc3d4"
url = "https://github.com/jqlang/jq/releases/download/jq-1.8.1/jq-linux-arm64"
provenance = "github-attestations"

[tools.jq."platforms.linux-arm64-musl"]
checksum = "sha256:6bc62f25981328edd3cfcfe6fe51b073f2d7e7710d7ef7fcdac28d4e384fc3d4"
url = "https://github.com/jqlang/jq/releases/download/jq-1.8.1/jq-linux-arm64"
provenance = "github-attestations"

[tools.jq."platforms.linux-x64"]
checksum = "sha256:020468de7539ce70ef1bceaf7cde2e8c4f2ca6c3afb84642aabc5c97d9fc2a0d"
url = "https://github.com/jqlang/jq/releases/download/jq-1.8.1/jq-linux-amd64"
provenance = "github-attestations"

[tools.jq."platforms.linux-x64-musl"]
checksum = "sha256:020468de7539ce70ef1bceaf7cde2e8c4f2ca6c3afb84642aabc5c97d9fc2a0d"
url = "https://github.com/jqlang/jq/releases/download/jq-1.8.1/jq-linux-amd64"
provenance = "github-attestations"

[tools.jq."platforms.macos-arm64"]
checksum = "sha256:a9fe3ea2f86dfc72f6728417521ec9067b343277152b114f4e98d8cb0e263603"
url = "https://github.com/jqlang/jq/releases/download/jq-1.8.1/jq-macos-arm64"
provenance = "github-attestations"

[tools.jq."platforms.macos-x64"]
checksum = "sha256:e80dbe0d2a2597e3c11c404f03337b981d74b4a8504b70586c354b7697a7c27f"
url = "https://github.com/jqlang/jq/releases/download/jq-1.8.1/jq-macos-amd64"
provenance = "github-attestations"

[tools.jq."platforms.windows-x64"]
checksum = "sha256:23cb60a1354eed6bcc8d9b9735e8c7b388cd1fdcb75726b93bc299ef22dd9334"
url = "https://github.com/jqlang/jq/releases/download/jq-1.8.1/jq-windows-amd64.exe"
provenance = "github-attestations"

[[tools.lazydocker]]
version = "0.25.0"
backend = "aqua:jesseduffield/lazydocker"

[tools.lazydocker."platforms.linux-arm64"]
checksum = "sha256:75bf3df5ee3bfd8f20a98c009d6f6787d009f03385d0d56b2a2aea26bdb7c287"
url = "https://github.com/jesseduffield/lazydocker/releases/download/v0.25.0/lazydocker_0.25.0_Linux_arm64.tar.gz"

[tools.lazydocker."platforms.linux-arm64-musl"]
checksum = "sha256:75bf3df5ee3bfd8f20a98c009d6f6787d009f03385d0d56b2a2aea26bdb7c287"
url = "https://github.com/jesseduffield/lazydocker/releases/download/v0.25.0/lazydocker_0.25.0_Linux_arm64.tar.gz"

[tools.lazydocker."platforms.linux-x64"]
checksum = "sha256:9c17b1458b214af50168f5f5e981f1f9c4b34d13a22734b7318bf9a05132ff3d"
url = "https://github.com/jesseduffield/lazydocker/releases/download/v0.25.0/lazydocker_0.25.0_Linux_x86_64.tar.gz"

[tools.lazydocker."platforms.linux-x64-musl"]
checksum = "sha256:9c17b1458b214af50168f5f5e981f1f9c4b34d13a22734b7318bf9a05132ff3d"
url = "https://github.com/jesseduffield/lazydocker/releases/download/v0.25.0/lazydocker_0.25.0_Linux_x86_64.tar.gz"

[tools.lazydocker."platforms.macos-arm64"]
checksum = "sha256:55f0573847bbfa68b0129e7e6922f5766f300ea3411f8b41e34044f86111fa1a"
url = "https://github.com/jesseduffield/lazydocker/releases/download/v0.25.0/lazydocker_0.25.0_Darwin_arm64.tar.gz"

[tools.lazydocker."platforms.macos-x64"]
checksum = "sha256:0209a85adc5a6530e452ddfba6f4ddc735bbe953e2a7de76f555684933b01d65"
url = "https://github.com/jesseduffield/lazydocker/releases/download/v0.25.0/lazydocker_0.25.0_Darwin_x86_64.tar.gz"

[tools.lazydocker."platforms.windows-x64"]
checksum = "sha256:2af0b2516cd006b1849f2cdae4cd82abbf5d1c2d49b88563daffaa1fb4ac46bb"
url = "https://github.com/jesseduffield/lazydocker/releases/download/v0.25.0/lazydocker_0.25.0_Windows_x86_64.zip"

[[tools.lazygit]]
version = "0.61.0"
backend = "aqua:jesseduffield/lazygit"

[tools.lazygit."platforms.linux-arm64"]
checksum = "sha256:7c3b1594fbb5ca29c17f875c0240849dd924f29bdeaf819ef26ae2107ccad84c"
url = "https://github.com/jesseduffield/lazygit/releases/download/v0.61.0/lazygit_0.61.0_linux_arm64.tar.gz"

[tools.lazygit."platforms.linux-arm64-musl"]
checksum = "sha256:7c3b1594fbb5ca29c17f875c0240849dd924f29bdeaf819ef26ae2107ccad84c"
url = "https://github.com/jesseduffield/lazygit/releases/download/v0.61.0/lazygit_0.61.0_linux_arm64.tar.gz"

[tools.lazygit."platforms.linux-x64"]
checksum = "sha256:4a9702b346283a23a6919c9424617e14788ac00e9cd3c9be266bac48cc6de8eb"
url = "https://github.com/jesseduffield/lazygit/releases/download/v0.61.0/lazygit_0.61.0_linux_x86_64.tar.gz"

[tools.lazygit."platforms.linux-x64-musl"]
checksum = "sha256:4a9702b346283a23a6919c9424617e14788ac00e9cd3c9be266bac48cc6de8eb"
url = "https://github.com/jesseduffield/lazygit/releases/download/v0.61.0/lazygit_0.61.0_linux_x86_64.tar.gz"

[tools.lazygit."platforms.macos-arm64"]
checksum = "sha256:7dc684c3c40812de72f7852222d415fecb1c4dae2058b23e5a3c4a5341dc6e9f"
url = "https://github.com/jesseduffield/lazygit/releases/download/v0.61.0/lazygit_0.61.0_darwin_arm64.tar.gz"

[tools.lazygit."platforms.macos-x64"]
checksum = "sha256:196232de7647094bb51681afb3fc3076d5b4eb70ae99b9cec145462b13aab54f"
url = "https://github.com/jesseduffield/lazygit/releases/download/v0.61.0/lazygit_0.61.0_darwin_x86_64.tar.gz"

[tools.lazygit."platforms.windows-x64"]
checksum = "sha256:26bb374ee7f3c6e52627262c7f8cc96ab23f96dfd3ef95b3d485d2ef9b842764"
url = "https://github.com/jesseduffield/lazygit/releases/download/v0.61.0/lazygit_0.61.0_windows_x86_64.zip"

[[tools.node]]
version = "24.14.1"
backend = "core:node"

[tools.node."platforms.linux-arm64"]
checksum = "sha256:734ff04fa7f8ed2e8a78d40cacf5ac3fc4515dac2858757cbab313eb483ba8a2"
url = "https://nodejs.org/dist/v24.14.1/node-v24.14.1-linux-arm64.tar.gz"

[tools.node."platforms.linux-arm64-musl"]
checksum = "sha256:734ff04fa7f8ed2e8a78d40cacf5ac3fc4515dac2858757cbab313eb483ba8a2"
url = "https://nodejs.org/dist/v24.14.1/node-v24.14.1-linux-arm64.tar.gz"

[tools.node."platforms.linux-x64"]
checksum = "sha256:ace9fa104992ed0829642629c46ca7bd7fd6e76278cb96c958c4b387d29658ea"
url = "https://nodejs.org/dist/v24.14.1/node-v24.14.1-linux-x64.tar.gz"

[tools.node."platforms.linux-x64-musl"]
checksum = "sha256:ace9fa104992ed0829642629c46ca7bd7fd6e76278cb96c958c4b387d29658ea"
url = "https://nodejs.org/dist/v24.14.1/node-v24.14.1-linux-x64.tar.gz"

[tools.node."platforms.macos-arm64"]
checksum = "sha256:25495ff85bd89e2d8a24d88566d7e2f827c6b0d3d872b2cebf75371f93fcb1fe"
url = "https://nodejs.org/dist/v24.14.1/node-v24.14.1-darwin-arm64.tar.gz"

[tools.node."platforms.macos-x64"]
checksum = "sha256:2526230ad7d922be82d4fdb1e7ee1e84303e133e3b4b0ec4c2897ab31de0253d"
url = "https://nodejs.org/dist/v24.14.1/node-v24.14.1-darwin-x64.tar.gz"

[tools.node."platforms.windows-x64"]
checksum = "sha256:6e50ce5498c0cebc20fd39ab3ff5df836ed2f8a31aa093cecad8497cff126d70"
url = "https://nodejs.org/dist/v24.14.1/node-v24.14.1-win-x64.zip"

[[tools.npm]]
version = "11.12.1"
backend = "npm"

[[tools."npm:@antfu/ni"]]
version = "30.0.0"
backend = "npm:@antfu/ni"

[[tools."npm:@anthropic-ai/sandbox-runtime"]]
version = "0.0.49"
backend = "npm:@anthropic-ai/sandbox-runtime"

[[tools."npm:@olrtg/emmet-language-server"]]
version = "2.8.0"
backend = "npm:@olrtg/emmet-language-server"

[[tools."npm:css-variable-ls"]]
version = "0.6.38"
backend = "npm:css-variable-ls"

[[tools."npm:css-variable-ls"]]
version = "2.6.2"
backend = "npm:css-variable-ls"

[[tools."npm:react-devtools"]]
version = "7.0.1"
backend = "npm:react-devtools"

[[tools."npm:some-sass-language-server"]]
version = "2.3.8"
backend = "npm:some-sass-language-server"

[[tools."npm:typescript"]]
version = "6.0.2"
backend = "npm:typescript"

[[tools."npm:typescript-language-server"]]
version = "5.1.3"
backend = "npm:typescript-language-server"

[[tools."npm:vscode-langservers-extracted"]]
version = "4.10.0"
backend = "npm:vscode-langservers-extracted"

[[tools.pnpm]]
version = "10.33.0"
backend = "aqua:pnpm/pnpm"

[tools.pnpm."platforms.linux-arm64"]
checksum = "sha256:06755ad2817548b84317d857d5c8003dc6e9e28416a3ea7467256c49ab400d48"
url = "https://github.com/pnpm/pnpm/releases/download/v10.33.0/pnpm-linux-arm64"

[tools.pnpm."platforms.linux-arm64-musl"]
checksum = "sha256:06755ad2817548b84317d857d5c8003dc6e9e28416a3ea7467256c49ab400d48"
url = "https://github.com/pnpm/pnpm/releases/download/v10.33.0/pnpm-linux-arm64"

[tools.pnpm."platforms.linux-x64"]
checksum = "sha256:8d4e8f7d778e8ac482022e2577011706a872542f6f6f233e795a4d9f978ea8b5"
url = "https://github.com/pnpm/pnpm/releases/download/v10.33.0/pnpm-linux-x64"

[tools.pnpm."platforms.linux-x64-musl"]
checksum = "sha256:8d4e8f7d778e8ac482022e2577011706a872542f6f6f233e795a4d9f978ea8b5"
url = "https://github.com/pnpm/pnpm/releases/download/v10.33.0/pnpm-linux-x64"

[tools.pnpm."platforms.macos-arm64"]
checksum = "sha256:ed8a1f140f4de457b01ebe0be3ae28e9a7e28863315dcd53d22ff1e5a32d63ae"
url = "https://github.com/pnpm/pnpm/releases/download/v10.33.0/pnpm-macos-arm64"

[tools.pnpm."platforms.macos-x64"]
checksum = "sha256:c31e29554b0e3f4e03f4617195c949595e4dca36085922003de4896c3ca4057d"
url = "https://github.com/pnpm/pnpm/releases/download/v10.33.0/pnpm-macos-x64"

[tools.pnpm."platforms.windows-x64"]
checksum = "sha256:afc96009dc39fe23a835d65192049e6a995f342496b175585dc2beda7d42d33f"
url = "https://github.com/pnpm/pnpm/releases/download/v10.33.0/pnpm-win-x64.exe"

[[tools.resvg]]
version = "0.47.0"
backend = "aqua:linebender/resvg"

[tools.resvg."platforms.linux-x64"]
checksum = "sha256:5c84dcbcd032fe7e8d96e616fd6807a2f9df6561d2e6582b37e91e63c6cb4fe7"
url = "https://github.com/linebender/resvg/releases/download/v0.47.0/resvg-linux-x86_64.tar.gz"

[tools.resvg."platforms.linux-x64-musl"]
checksum = "sha256:5c84dcbcd032fe7e8d96e616fd6807a2f9df6561d2e6582b37e91e63c6cb4fe7"
url = "https://github.com/linebender/resvg/releases/download/v0.47.0/resvg-linux-x86_64.tar.gz"

[tools.resvg."platforms.macos-arm64"]
checksum = "sha256:3f6d9ffb72ea347f964770b38a71b2f181209190e77278bbb9f179c0d05a0eaa"
url = "https://github.com/linebender/resvg/releases/download/v0.47.0/resvg-macos-x86_64.zip"

[tools.resvg."platforms.macos-x64"]
checksum = "sha256:3f6d9ffb72ea347f964770b38a71b2f181209190e77278bbb9f179c0d05a0eaa"
url = "https://github.com/linebender/resvg/releases/download/v0.47.0/resvg-macos-x86_64.zip"

[tools.resvg."platforms.windows-x64"]
checksum = "sha256:5684e59ceaa53ce720b49efb441b0918ae99d04e8ce3f6f753664524592d67f1"
url = "https://github.com/linebender/resvg/releases/download/v0.47.0/resvg-win64.zip"

[[tools.ripgrep]]
version = "15.1.0"
backend = "aqua:BurntSushi/ripgrep"

[tools.ripgrep."platforms.linux-arm64"]
checksum = "sha256:2b661c6ef508e902f388e9098d9c4c5aca72c87b55922d94abdba830b4dc885e"
url = "https://github.com/BurntSushi/ripgrep/releases/download/15.1.0/ripgrep-15.1.0-aarch64-unknown-linux-gnu.tar.gz"

[tools.ripgrep."platforms.linux-arm64-musl"]
checksum = "sha256:2b661c6ef508e902f388e9098d9c4c5aca72c87b55922d94abdba830b4dc885e"
url = "https://github.com/BurntSushi/ripgrep/releases/download/15.1.0/ripgrep-15.1.0-aarch64-unknown-linux-gnu.tar.gz"

[tools.ripgrep."platforms.linux-x64"]
checksum = "sha256:1c9297be4a084eea7ecaedf93eb03d058d6faae29bbc57ecdaf5063921491599"
url = "https://github.com/BurntSushi/ripgrep/releases/download/15.1.0/ripgrep-15.1.0-x86_64-unknown-linux-musl.tar.gz"

[tools.ripgrep."platforms.linux-x64-musl"]
checksum = "sha256:1c9297be4a084eea7ecaedf93eb03d058d6faae29bbc57ecdaf5063921491599"
url = "https://github.com/BurntSushi/ripgrep/releases/download/15.1.0/ripgrep-15.1.0-x86_64-unknown-linux-musl.tar.gz"

[tools.ripgrep."platforms.macos-arm64"]
checksum = "sha256:378e973289176ca0c6054054ee7f631a065874a352bf43f0fa60ef079b6ba715"
url = "https://github.com/BurntSushi/ripgrep/releases/download/15.1.0/ripgrep-15.1.0-aarch64-apple-darwin.tar.gz"

[tools.ripgrep."platforms.macos-x64"]
checksum = "sha256:64811cb24e77cac3057d6c40b63ac9becf9082eedd54ca411b475b755d334882"
url = "https://github.com/BurntSushi/ripgrep/releases/download/15.1.0/ripgrep-15.1.0-x86_64-apple-darwin.tar.gz"

[tools.ripgrep."platforms.windows-x64"]
checksum = "sha256:124510b94b6baa3380d051fdf4650eaa80a302c876d611e9dba0b2e18d87493a"
url = "https://github.com/BurntSushi/ripgrep/releases/download/15.1.0/ripgrep-15.1.0-x86_64-pc-windows-msvc.zip"

[[tools.ruby]]
version = "4.0.2"
backend = "core:ruby"

[tools.ruby."platforms.linux-arm64"]
checksum = "sha256:51502b26b50b68df4963336ca41e368cde92c928faf91654de4c4c1791f82aac"
url = "https://cache.ruby-lang.org/pub/ruby/4.0/ruby-4.0.2.tar.gz"

[tools.ruby."platforms.linux-arm64-musl"]
checksum = "sha256:51502b26b50b68df4963336ca41e368cde92c928faf91654de4c4c1791f82aac"
url = "https://cache.ruby-lang.org/pub/ruby/4.0/ruby-4.0.2.tar.gz"

[tools.ruby."platforms.linux-x64"]
checksum = "sha256:51502b26b50b68df4963336ca41e368cde92c928faf91654de4c4c1791f82aac"
url = "https://cache.ruby-lang.org/pub/ruby/4.0/ruby-4.0.2.tar.gz"

[tools.ruby."platforms.linux-x64-musl"]
checksum = "sha256:51502b26b50b68df4963336ca41e368cde92c928faf91654de4c4c1791f82aac"
url = "https://cache.ruby-lang.org/pub/ruby/4.0/ruby-4.0.2.tar.gz"

[tools.ruby."platforms.macos-arm64"]
checksum = "sha256:51502b26b50b68df4963336ca41e368cde92c928faf91654de4c4c1791f82aac"
url = "https://cache.ruby-lang.org/pub/ruby/4.0/ruby-4.0.2.tar.gz"

[tools.ruby."platforms.macos-x64"]
checksum = "sha256:51502b26b50b68df4963336ca41e368cde92c928faf91654de4c4c1791f82aac"
url = "https://cache.ruby-lang.org/pub/ruby/4.0/ruby-4.0.2.tar.gz"

[tools.ruby."platforms.windows-x64"]
checksum = "sha256:f6c562d507b272b892055f35ece3cbc65de5f3f2f63d18b7345a602af8c1e655"
url = "https://github.com/oneclick/rubyinstaller2/releases/download/RubyInstaller-4.0.2-1/rubyinstaller-4.0.2-1-x64.7z"

[[tools.rust]]
version = "1.94.1"
backend = "core:rust"

[[tools.rust-analyzer]]
version = "2026-04-06"
backend = "aqua:rust-lang/rust-analyzer"

[tools.rust-analyzer."platforms.linux-arm64"]
checksum = "sha256:ead8d6fe458bc02e85cc9c3b210876cc07df330fc943df3c00578df651fac6cf"
url = "https://github.com/rust-lang/rust-analyzer/releases/download/2026-04-06/rust-analyzer-aarch64-unknown-linux-gnu.gz"

[tools.rust-analyzer."platforms.linux-arm64-musl"]
checksum = "sha256:ead8d6fe458bc02e85cc9c3b210876cc07df330fc943df3c00578df651fac6cf"
url = "https://github.com/rust-lang/rust-analyzer/releases/download/2026-04-06/rust-analyzer-aarch64-unknown-linux-gnu.gz"

[tools.rust-analyzer."platforms.linux-x64"]
checksum = "sha256:596daa680101fba78b328c75a75917c32425626b16f063667502e76592b85e40"
url = "https://github.com/rust-lang/rust-analyzer/releases/download/2026-04-06/rust-analyzer-x86_64-unknown-linux-gnu.gz"

[tools.rust-analyzer."platforms.linux-x64-musl"]
checksum = "sha256:596daa680101fba78b328c75a75917c32425626b16f063667502e76592b85e40"
url = "https://github.com/rust-lang/rust-analyzer/releases/download/2026-04-06/rust-analyzer-x86_64-unknown-linux-gnu.gz"

[tools.rust-analyzer."platforms.macos-arm64"]
checksum = "sha256:8a00e25ee0b26060e146c893cace9c53b5d9234d3e0599b2bd3140b75efa56e7"
url = "https://github.com/rust-lang/rust-analyzer/releases/download/2026-04-06/rust-analyzer-aarch64-apple-darwin.gz"

[tools.rust-analyzer."platforms.macos-x64"]
checksum = "sha256:c941fa538d55cb9492790c5a2d1837ebc4972113c4ee77208562f9f8242edd21"
url = "https://github.com/rust-lang/rust-analyzer/releases/download/2026-04-06/rust-analyzer-x86_64-apple-darwin.gz"

[tools.rust-analyzer."platforms.windows-x64"]
checksum = "sha256:52e7760e3f5779cb3b12a91d39eec691e8f0f8916ab9f4c8bfaac4913a190674"
url = "https://github.com/rust-lang/rust-analyzer/releases/download/2026-04-06/rust-analyzer-x86_64-pc-windows-msvc.zip"

[[tools.starship]]
version = "1.24.2"
backend = "aqua:starship/starship"

[tools.starship."platforms.linux-arm64"]
checksum = "sha256:56b9ff412bbf374d29b99e5ac09a849124cb37a0a13121e8470df32de53c1ea6"
url = "https://github.com/starship/starship/releases/download/v1.24.2/starship-aarch64-unknown-linux-musl.tar.gz"

[tools.starship."platforms.linux-arm64-musl"]
checksum = "sha256:56b9ff412bbf374d29b99e5ac09a849124cb37a0a13121e8470df32de53c1ea6"
url = "https://github.com/starship/starship/releases/download/v1.24.2/starship-aarch64-unknown-linux-musl.tar.gz"

[tools.starship."platforms.linux-x64"]
checksum = "sha256:00ff3c1f8ffb59b5c15d4b44c076bcca04d92cf0055c86b916248c14f3ae714a"
url = "https://github.com/starship/starship/releases/download/v1.24.2/starship-x86_64-unknown-linux-musl.tar.gz"

[tools.starship."platforms.linux-x64-musl"]
checksum = "sha256:00ff3c1f8ffb59b5c15d4b44c076bcca04d92cf0055c86b916248c14f3ae714a"
url = "https://github.com/starship/starship/releases/download/v1.24.2/starship-x86_64-unknown-linux-musl.tar.gz"

[tools.starship."platforms.macos-arm64"]
checksum = "sha256:d3a0da21374962625a2ee992110979bc1fa33424d7b6aea58a70405e26544fd9"
url = "https://github.com/starship/starship/releases/download/v1.24.2/starship-aarch64-apple-darwin.tar.gz"

[tools.starship."platforms.macos-x64"]
checksum = "sha256:237beb10cc970c4361536e9f9f434dfed755f8282c5cd951b6a7e3fcbda8e779"
url = "https://github.com/starship/starship/releases/download/v1.24.2/starship-x86_64-apple-darwin.tar.gz"

[tools.starship."platforms.windows-x64"]
checksum = "sha256:d38424c595320e9639a276666347d5e44cb004de3972f40b9a5a1a6b88537f29"
url = "https://github.com/starship/starship/releases/download/v1.24.2/starship-x86_64-pc-windows-msvc.zip"

[[tools.tombi]]
version = "0.9.16"
backend = "aqua:tombi-toml/tombi"

[tools.tombi."platforms.linux-arm64"]
checksum = "sha256:0549ee34fbbaf462ae8b17c41fc30dbfdada8e2adadc058b1f92d6d0070ca70e"
url = "https://github.com/tombi-toml/tombi/releases/download/v0.9.16/tombi-cli-0.9.16-aarch64-unknown-linux-musl.gz"

[tools.tombi."platforms.linux-arm64-musl"]
checksum = "sha256:0549ee34fbbaf462ae8b17c41fc30dbfdada8e2adadc058b1f92d6d0070ca70e"
url = "https://github.com/tombi-toml/tombi/releases/download/v0.9.16/tombi-cli-0.9.16-aarch64-unknown-linux-musl.gz"

[tools.tombi."platforms.linux-x64"]
checksum = "sha256:93f0b5febc18f60c172a7d4008325183f6b90d3c2a2454e27bbc7aaa662c25de"
url = "https://github.com/tombi-toml/tombi/releases/download/v0.9.16/tombi-cli-0.9.16-x86_64-unknown-linux-musl.gz"

[tools.tombi."platforms.linux-x64-musl"]
checksum = "sha256:93f0b5febc18f60c172a7d4008325183f6b90d3c2a2454e27bbc7aaa662c25de"
url = "https://github.com/tombi-toml/tombi/releases/download/v0.9.16/tombi-cli-0.9.16-x86_64-unknown-linux-musl.gz"

[tools.tombi."platforms.macos-arm64"]
checksum = "sha256:4a33dff421e644c03708b26cf73b235f7f146ef6af9ba631b66aa97cb10244ae"
url = "https://github.com/tombi-toml/tombi/releases/download/v0.9.16/tombi-cli-0.9.16-aarch64-apple-darwin.gz"

[tools.tombi."platforms.macos-x64"]
checksum = "sha256:847a696cf655e642d7402560badde15c6fbb2b34a7e21fa33ba2614d74816a4e"
url = "https://github.com/tombi-toml/tombi/releases/download/v0.9.16/tombi-cli-0.9.16-x86_64-apple-darwin.gz"

[tools.tombi."platforms.windows-x64"]
checksum = "sha256:a08e144e55fa8b998e46bf2923c9d8fae1f454771c6411fd213febd9e182ae48"
url = "https://github.com/tombi-toml/tombi/releases/download/v0.9.16/tombi-cli-0.9.16-x86_64-pc-windows-msvc.zip"

[[tools.watchexec]]
version = "2.5.1"
backend = "aqua:watchexec/watchexec"

[tools.watchexec."platforms.linux-arm64"]
checksum = "sha256:217e564946fec9911279c455e174e938d497480792a342c28712e50346cc0140"
url = "https://github.com/watchexec/watchexec/releases/download/v2.5.1/watchexec-2.5.1-aarch64-unknown-linux-gnu.tar.xz"

[tools.watchexec."platforms.linux-arm64-musl"]
checksum = "sha256:217e564946fec9911279c455e174e938d497480792a342c28712e50346cc0140"
url = "https://github.com/watchexec/watchexec/releases/download/v2.5.1/watchexec-2.5.1-aarch64-unknown-linux-gnu.tar.xz"

[tools.watchexec."platforms.linux-x64"]
checksum = "sha256:9efabd08de720c1ee7e57b487fe11904f0966828e76146e2b5ea5deee90626be"
url = "https://github.com/watchexec/watchexec/releases/download/v2.5.1/watchexec-2.5.1-x86_64-unknown-linux-musl.tar.xz"

[tools.watchexec."platforms.linux-x64-musl"]
checksum = "sha256:9efabd08de720c1ee7e57b487fe11904f0966828e76146e2b5ea5deee90626be"
url = "https://github.com/watchexec/watchexec/releases/download/v2.5.1/watchexec-2.5.1-x86_64-unknown-linux-musl.tar.xz"

[tools.watchexec."platforms.macos-arm64"]
checksum = "sha256:c5e405dd1109940b2510398d2182990c1be59063b94e11d7ace9c7b435cb1df1"
url = "https://github.com/watchexec/watchexec/releases/download/v2.5.1/watchexec-2.5.1-aarch64-apple-darwin.tar.xz"

[tools.watchexec."platforms.macos-x64"]
checksum = "sha256:bb74bf33286ff7f31dd8e763e017fbc0418360d88baefd35bc57d662d28394e2"
url = "https://github.com/watchexec/watchexec/releases/download/v2.5.1/watchexec-2.5.1-x86_64-apple-darwin.tar.xz"

[tools.watchexec."platforms.windows-x64"]
checksum = "sha256:aa448c2704ca1a37ce0f1fc75381d9a411946dd293cf6236293f549426a577f7"
url = "https://github.com/watchexec/watchexec/releases/download/v2.5.1/watchexec-2.5.1-x86_64-pc-windows-msvc.zip"

[[tools.yazi]]
version = "26.1.22"
backend = "aqua:sxyazi/yazi"

[tools.yazi."platforms.linux-arm64"]
checksum = "sha256:91a37cdb3aa49f903aab6af57bca708935acb6def1d9f218716ab414f0a3a8b1"
url = "https://github.com/sxyazi/yazi/releases/download/v26.1.22/yazi-aarch64-unknown-linux-musl.zip"

[tools.yazi."platforms.linux-arm64-musl"]
checksum = "sha256:91a37cdb3aa49f903aab6af57bca708935acb6def1d9f218716ab414f0a3a8b1"
url = "https://github.com/sxyazi/yazi/releases/download/v26.1.22/yazi-aarch64-unknown-linux-musl.zip"

[tools.yazi."platforms.linux-x64"]
checksum = "sha256:b977351968206c0b78d2ef5bf21351685cc191b58a4c7e1c98c37db5d0a381f8"
url = "https://github.com/sxyazi/yazi/releases/download/v26.1.22/yazi-x86_64-unknown-linux-musl.zip"

[tools.yazi."platforms.linux-x64-musl"]
checksum = "sha256:b977351968206c0b78d2ef5bf21351685cc191b58a4c7e1c98c37db5d0a381f8"
url = "https://github.com/sxyazi/yazi/releases/download/v26.1.22/yazi-x86_64-unknown-linux-musl.zip"

[tools.yazi."platforms.macos-arm64"]
checksum = "sha256:8355ad582dd9f4ef1f88a228080f2b6116bbb483dd48d1bde555d475f4d2afe4"
url = "https://github.com/sxyazi/yazi/releases/download/v26.1.22/yazi-aarch64-apple-darwin.zip"

[tools.yazi."platforms.macos-x64"]
checksum = "sha256:1e097c015a968aba29bbc11bffdb99a7aedaf92c78df09d00613283dac0f148c"
url = "https://github.com/sxyazi/yazi/releases/download/v26.1.22/yazi-x86_64-apple-darwin.zip"

[tools.yazi."platforms.windows-x64"]
checksum = "sha256:7d6c8e3f596f99dd8f20fc7b806c9195c4746c2b7100d0e90a7ff80c259c899a"
url = "https://github.com/sxyazi/yazi/releases/download/v26.1.22/yazi-x86_64-pc-windows-msvc.zip"
