# @generated - this file is auto-generated by `mise lock` https://mise.en.dev/dev-tools/mise-lock.html

[[tools."cargo:bacon"]]
version = "3.22.0"
backend = "cargo:bacon"

[[tools."cargo:cargo-expand"]]
version = "1.0.121"
backend = "cargo:cargo-expand"

[[tools."cargo:cargo-sweep"]]
version = "0.8.0"
backend = "cargo:cargo-sweep"

[[tools."cargo:https://github.com/estin/simple-completion-language-server"]]
version = "rev:c48876d02e17fad827e30d26696ad17b111ffa68"
backend = "cargo:https://github.com/estin/simple-completion-language-server"

[[tools."cargo:https://github.com/itsjunetime/tdf.git"]]
version = "rev:7b9e1462da6d75d65cd1a3f5f263fda1046bed7e"
backend = "cargo:https://github.com/itsjunetime/tdf.git"

[[tools.claude-code]]
version = "2.1.139"
backend = "aqua:anthropics/claude-code"

[tools.claude-code."platforms.linux-arm64"]
url = "https://storage.googleapis.com/claude-code-dist-86c565f3-f756-42ad-8dfa-d59b1c096819/claude-code-releases/2.1.139/linux-arm64/claude"

[tools.claude-code."platforms.linux-arm64-musl"]
url = "https://storage.googleapis.com/claude-code-dist-86c565f3-f756-42ad-8dfa-d59b1c096819/claude-code-releases/2.1.139/linux-arm64-musl/claude"

[tools.claude-code."platforms.linux-x64"]
url = "https://storage.googleapis.com/claude-code-dist-86c565f3-f756-42ad-8dfa-d59b1c096819/claude-code-releases/2.1.139/linux-x64/claude"

[tools.claude-code."platforms.linux-x64-musl"]
url = "https://storage.googleapis.com/claude-code-dist-86c565f3-f756-42ad-8dfa-d59b1c096819/claude-code-releases/2.1.139/linux-x64-musl/claude"

[tools.claude-code."platforms.macos-arm64"]
checksum = "blake3:e4798f0e2cffb6d9f380735799d30e695ae9574d7607f0b9502d5eb7011ca045"
url = "https://storage.googleapis.com/claude-code-dist-86c565f3-f756-42ad-8dfa-d59b1c096819/claude-code-releases/2.1.139/darwin-arm64/claude"

[tools.claude-code."platforms.macos-x64"]
url = "https://storage.googleapis.com/claude-code-dist-86c565f3-f756-42ad-8dfa-d59b1c096819/claude-code-releases/2.1.139/darwin-x64/claude"

[[tools.deno]]
version = "2.7.14"
backend = "core:deno"

[tools.deno."platforms.linux-arm64"]
checksum = "sha256:b815c919452b5993a7c22df018a88c2f706eea6b5e0aa7802b2b0709edde01e8"
url = "https://dl.deno.land/release/v2.7.14/deno-aarch64-unknown-linux-gnu.zip"

[tools.deno."platforms.linux-arm64-musl"]
checksum = "sha256:b815c919452b5993a7c22df018a88c2f706eea6b5e0aa7802b2b0709edde01e8"
url = "https://dl.deno.land/release/v2.7.14/deno-aarch64-unknown-linux-gnu.zip"

[tools.deno."platforms.linux-x64"]
checksum = "sha256:3287efef53606966469cb6a02781327be22b908959397f976e2996dc1b64ae0f"
url = "https://dl.deno.land/release/v2.7.14/deno-x86_64-unknown-linux-gnu.zip"

[tools.deno."platforms.linux-x64-musl"]
checksum = "sha256:3287efef53606966469cb6a02781327be22b908959397f976e2996dc1b64ae0f"
url = "https://dl.deno.land/release/v2.7.14/deno-x86_64-unknown-linux-gnu.zip"

[tools.deno."platforms.macos-arm64"]
checksum = "sha256:aeb5825f83b4a9cd7f9355a1c4ddd666205dacf76ccb7b98c2b10e066bc9e4bb"
url = "https://dl.deno.land/release/v2.7.14/deno-aarch64-apple-darwin.zip"

[tools.deno."platforms.macos-x64"]
checksum = "sha256:c89149513bf8e82ab5b351dac544f8c0cada90753bd2f576f46325fb67997ae1"
url = "https://dl.deno.land/release/v2.7.14/deno-x86_64-apple-darwin.zip"

[tools.deno."platforms.windows-x64"]
checksum = "sha256:Algorithm"
url = "https://dl.deno.land/release/v2.7.14/deno-x86_64-pc-windows-msvc.zip"

[[tools.fd]]
version = "10.4.2"
backend = "aqua:sharkdp/fd"

[tools.fd."platforms.linux-arm64"]
checksum = "sha256:f32d3657473fba74e2600babc8db0b93420d51169223b7e8143b2ed55d8fd9e8"
url = "https://github.com/sharkdp/fd/releases/download/v10.4.2/fd-v10.4.2-aarch64-unknown-linux-musl.tar.gz"

[tools.fd."platforms.linux-arm64-musl"]
checksum = "sha256:f32d3657473fba74e2600babc8db0b93420d51169223b7e8143b2ed55d8fd9e8"
url = "https://github.com/sharkdp/fd/releases/download/v10.4.2/fd-v10.4.2-aarch64-unknown-linux-musl.tar.gz"

[tools.fd."platforms.linux-x64"]
checksum = "sha256:e3257d48e29a6be965187dbd24ce9af564e0fe67b3e73c9bdcd180f4ec11bdde"
url = "https://github.com/sharkdp/fd/releases/download/v10.4.2/fd-v10.4.2-x86_64-unknown-linux-musl.tar.gz"

[tools.fd."platforms.linux-x64-musl"]
checksum = "sha256:e3257d48e29a6be965187dbd24ce9af564e0fe67b3e73c9bdcd180f4ec11bdde"
url = "https://github.com/sharkdp/fd/releases/download/v10.4.2/fd-v10.4.2-x86_64-unknown-linux-musl.tar.gz"

[tools.fd."platforms.macos-arm64"]
checksum = "sha256:623dc0afc81b92e4d4606b380d7bc91916ba7b97814263e554d50923a39e480a"
url = "https://github.com/sharkdp/fd/releases/download/v10.4.2/fd-v10.4.2-aarch64-apple-darwin.tar.gz"

[tools.fd."platforms.windows-x64"]
checksum = "sha256:b2816e506390a89941c63c9187d58a3cc10e9a55f2ef0685f9ea0eccaf7c98c8"
url = "https://github.com/sharkdp/fd/releases/download/v10.4.2/fd-v10.4.2-x86_64-pc-windows-msvc.zip"

[[tools.fzf]]
version = "0.72.0"
backend = "aqua:junegunn/fzf"

[tools.fzf."platforms.linux-arm64"]
checksum = "sha256:a0a5b50730f568c5f08b8dbba1e6e598db253e1856d371290086786b889b996b"
url = "https://github.com/junegunn/fzf/releases/download/v0.72.0/fzf-0.72.0-linux_arm64.tar.gz"

[tools.fzf."platforms.linux-arm64-musl"]
checksum = "sha256:a0a5b50730f568c5f08b8dbba1e6e598db253e1856d371290086786b889b996b"
url = "https://github.com/junegunn/fzf/releases/download/v0.72.0/fzf-0.72.0-linux_arm64.tar.gz"

[tools.fzf."platforms.linux-x64"]
checksum = "sha256:0e58e4bd0b3c5d68c56b54c460a6863d0de79633ed18d388575a960ab447b006"
url = "https://github.com/junegunn/fzf/releases/download/v0.72.0/fzf-0.72.0-linux_amd64.tar.gz"

[tools.fzf."platforms.linux-x64-musl"]
checksum = "sha256:0e58e4bd0b3c5d68c56b54c460a6863d0de79633ed18d388575a960ab447b006"
url = "https://github.com/junegunn/fzf/releases/download/v0.72.0/fzf-0.72.0-linux_amd64.tar.gz"

[tools.fzf."platforms.macos-arm64"]
checksum = "sha256:4cbf87e8e8a342614c1e3e74670ceb18c2af998c4d4d0c379cfee9b520774e90"
url = "https://github.com/junegunn/fzf/releases/download/v0.72.0/fzf-0.72.0-darwin_arm64.tar.gz"

[tools.fzf."platforms.macos-x64"]
checksum = "sha256:561c9db95cc1f75c8ad7e1d4461b2da0c8461189041f610ff1205f6303b84634"
url = "https://github.com/junegunn/fzf/releases/download/v0.72.0/fzf-0.72.0-darwin_amd64.tar.gz"

[tools.fzf."platforms.windows-x64"]
checksum = "sha256:cce66ae7e442030334927bfbfd917690713e63d215aba93027f99807828fe239"
url = "https://github.com/junegunn/fzf/releases/download/v0.72.0/fzf-0.72.0-windows_amd64.zip"

[[tools."gem:rubocop"]]
version = "1.86.1"
backend = "gem:rubocop"

[[tools."gem:ruby-lsp"]]
version = "0.27.0.beta3"
backend = "gem:ruby-lsp"

[[tools.gh]]
version = "2.92.0"
backend = "aqua:cli/cli"

[tools.gh."platforms.linux-arm64"]
checksum = "sha256:c2248526dd0160c08d3fccca2332c3c1a07c15a78b23978e77735f1b5a18cfee"
url = "https://github.com/cli/cli/releases/download/v2.92.0/gh_2.92.0_linux_arm64.tar.gz"
provenance = "github-attestations"

[tools.gh."platforms.linux-arm64-musl"]
checksum = "sha256:c2248526dd0160c08d3fccca2332c3c1a07c15a78b23978e77735f1b5a18cfee"
url = "https://github.com/cli/cli/releases/download/v2.92.0/gh_2.92.0_linux_arm64.tar.gz"
provenance = "github-attestations"

[tools.gh."platforms.linux-x64"]
checksum = "sha256:b57848131bdf0c229cd35e1f2a51aa718199858b2e728410b37e89a428943ec4"
url = "https://github.com/cli/cli/releases/download/v2.92.0/gh_2.92.0_linux_amd64.tar.gz"
provenance = "github-attestations"

[tools.gh."platforms.linux-x64-musl"]
checksum = "sha256:b57848131bdf0c229cd35e1f2a51aa718199858b2e728410b37e89a428943ec4"
url = "https://github.com/cli/cli/releases/download/v2.92.0/gh_2.92.0_linux_amd64.tar.gz"
provenance = "github-attestations"

[tools.gh."platforms.macos-arm64"]
checksum = "sha256:b11c54f6bd7d15ed6590475079e5b2fcf36f45d3991a80041b29c9d0cc1f1d07"
url = "https://github.com/cli/cli/releases/download/v2.92.0/gh_2.92.0_macOS_arm64.zip"
provenance = "github-attestations"

[tools.gh."platforms.macos-x64"]
checksum = "sha256:ae9bb327ab0d91071bdada79f8f14034a2a0f19b0e001835a782eafa519d2af0"
url = "https://github.com/cli/cli/releases/download/v2.92.0/gh_2.92.0_macOS_amd64.zip"
provenance = "github-attestations"

[tools.gh."platforms.windows-x64"]
checksum = "sha256:b6a8df3c8c6b9c80f290906387673bc4d272840f3789c5650e0e4e6e75522785"
url = "https://github.com/cli/cli/releases/download/v2.92.0/gh_2.92.0_windows_amd64.zip"
provenance = "github-attestations"

[[tools.ghq]]
version = "1.10.1"
backend = "aqua:x-motemen/ghq"

[tools.ghq."platforms.linux-arm64"]
checksum = "sha256:7ed154f62751e91c8a2d415280caeeba3d114050d01e39f3d0f4aa1be15f3954"
url = "https://github.com/x-motemen/ghq/releases/download/v1.10.1/ghq_linux_arm64.zip"

[tools.ghq."platforms.linux-arm64-musl"]
checksum = "sha256:7ed154f62751e91c8a2d415280caeeba3d114050d01e39f3d0f4aa1be15f3954"
url = "https://github.com/x-motemen/ghq/releases/download/v1.10.1/ghq_linux_arm64.zip"

[tools.ghq."platforms.linux-x64"]
checksum = "sha256:32e380aa8ac76fdd58758cc06174d9ee5db7270bd0cbcc18138b5d36def91b6b"
url = "https://github.com/x-motemen/ghq/releases/download/v1.10.1/ghq_linux_amd64.zip"

[tools.ghq."platforms.linux-x64-musl"]
checksum = "sha256:32e380aa8ac76fdd58758cc06174d9ee5db7270bd0cbcc18138b5d36def91b6b"
url = "https://github.com/x-motemen/ghq/releases/download/v1.10.1/ghq_linux_amd64.zip"

[tools.ghq."platforms.macos-arm64"]
checksum = "sha256:5e3100de0c5a248eebe6ab176ad94d6e12386af70a58c535368a4301861b1398"
url = "https://github.com/x-motemen/ghq/releases/download/v1.10.1/ghq_darwin_arm64.zip"

[tools.ghq."platforms.macos-x64"]
checksum = "sha256:491e88380b817eee3ab5a3aa09dbe8491b9495a0ffc5223b60e7f4679a97a8eb"
url = "https://github.com/x-motemen/ghq/releases/download/v1.10.1/ghq_darwin_amd64.zip"

[tools.ghq."platforms.windows-x64"]
checksum = "sha256:a526da44d5f67250598fa95e5654815e9f672b2c05d1d98c28bce0e60d3cfa6c"
url = "https://github.com/x-motemen/ghq/releases/download/v1.10.1/ghq_windows_amd64.zip"

[[tools.go]]
version = "1.26.3"
backend = "core:go"

[tools.go."platforms.linux-arm64"]
checksum = "sha256:9d89a3ea57d141c2b22d70083f2c8459ba3890f2d9e818e7e933b75614936565"
url = "https://dl.google.com/go/go1.26.3.linux-arm64.tar.gz"

[tools.go."platforms.linux-arm64-musl"]
checksum = "sha256:9d89a3ea57d141c2b22d70083f2c8459ba3890f2d9e818e7e933b75614936565"
url = "https://dl.google.com/go/go1.26.3.linux-arm64.tar.gz"

[tools.go."platforms.linux-x64"]
checksum = "sha256:2b2cfc7148493da5e73981bffbf3353af381d5f93e789c82c79aff64962eb556"
url = "https://dl.google.com/go/go1.26.3.linux-amd64.tar.gz"

[tools.go."platforms.linux-x64-musl"]
checksum = "sha256:2b2cfc7148493da5e73981bffbf3353af381d5f93e789c82c79aff64962eb556"
url = "https://dl.google.com/go/go1.26.3.linux-amd64.tar.gz"

[tools.go."platforms.macos-arm64"]
checksum = "sha256:875cf54a15311eee2c99b9dd67c68c4a49351d489ab622bf2cfd28c8f2078d3c"
url = "https://dl.google.com/go/go1.26.3.darwin-arm64.tar.gz"

[tools.go."platforms.macos-x64"]
checksum = "sha256:278d580b32e299fe4a9c990fcf2d02acfe538c7e551a6ee18f9c7164573d2c63"
url = "https://dl.google.com/go/go1.26.3.darwin-amd64.tar.gz"

[tools.go."platforms.windows-x64"]
checksum = "sha256:20d2ceafb4ed41b96b879010927b28bc92a5be57a7c1801ce365a9ca51d3224a"
url = "https://dl.google.com/go/go1.26.3.windows-amd64.zip"

[[tools."go:github.com/d-kuro/gwq/cmd/gwq"]]
version = "0.1.1"
backend = "go:github.com/d-kuro/gwq/cmd/gwq"

[[tools."go:github.com/mattn/efm-langserver"]]
version = "0.0.56"
backend = "go:github.com/mattn/efm-langserver"

[[tools.jq]]
version = "1.8.1"
backend = "aqua:jqlang/jq"

[tools.jq."platforms.linux-arm64"]
checksum = "sha256:6bc62f25981328edd3cfcfe6fe51b073f2d7e7710d7ef7fcdac28d4e384fc3d4"
url = "https://github.com/jqlang/jq/releases/download/jq-1.8.1/jq-linux-arm64"
provenance = "github-attestations"

[tools.jq."platforms.linux-arm64-musl"]
checksum = "sha256:6bc62f25981328edd3cfcfe6fe51b073f2d7e7710d7ef7fcdac28d4e384fc3d4"
url = "https://github.com/jqlang/jq/releases/download/jq-1.8.1/jq-linux-arm64"
provenance = "github-attestations"

[tools.jq."platforms.linux-x64"]
checksum = "sha256:020468de7539ce70ef1bceaf7cde2e8c4f2ca6c3afb84642aabc5c97d9fc2a0d"
url = "https://github.com/jqlang/jq/releases/download/jq-1.8.1/jq-linux-amd64"
provenance = "github-attestations"

[tools.jq."platforms.linux-x64-musl"]
checksum = "sha256:020468de7539ce70ef1bceaf7cde2e8c4f2ca6c3afb84642aabc5c97d9fc2a0d"
url = "https://github.com/jqlang/jq/releases/download/jq-1.8.1/jq-linux-amd64"
provenance = "github-attestations"

[tools.jq."platforms.macos-arm64"]
checksum = "sha256:a9fe3ea2f86dfc72f6728417521ec9067b343277152b114f4e98d8cb0e263603"
url = "https://github.com/jqlang/jq/releases/download/jq-1.8.1/jq-macos-arm64"
provenance = "github-attestations"

[tools.jq."platforms.macos-x64"]
checksum = "sha256:e80dbe0d2a2597e3c11c404f03337b981d74b4a8504b70586c354b7697a7c27f"
url = "https://github.com/jqlang/jq/releases/download/jq-1.8.1/jq-macos-amd64"
provenance = "github-attestations"

[tools.jq."platforms.windows-x64"]
checksum = "sha256:23cb60a1354eed6bcc8d9b9735e8c7b388cd1fdcb75726b93bc299ef22dd9334"
url = "https://github.com/jqlang/jq/releases/download/jq-1.8.1/jq-windows-amd64.exe"
provenance = "github-attestations"

[[tools.lazydocker]]
version = "0.25.2"
backend = "aqua:jesseduffield/lazydocker"

[tools.lazydocker."platforms.linux-arm64"]
checksum = "sha256:005c38b685aaa557e7d646d83a3dadb5024340eeed8c6a2e1949eee6f530de23"
url = "https://github.com/jesseduffield/lazydocker/releases/download/v0.25.2/lazydocker_0.25.2_Linux_arm64.tar.gz"

[tools.lazydocker."platforms.linux-arm64-musl"]
checksum = "sha256:005c38b685aaa557e7d646d83a3dadb5024340eeed8c6a2e1949eee6f530de23"
url = "https://github.com/jesseduffield/lazydocker/releases/download/v0.25.2/lazydocker_0.25.2_Linux_arm64.tar.gz"

[tools.lazydocker."platforms.linux-x64"]
checksum = "sha256:0d9dbfc26068b218e7ed84b104748cadc6e3cf733c0afd35465306fb39b9523c"
url = "https://github.com/jesseduffield/lazydocker/releases/download/v0.25.2/lazydocker_0.25.2_Linux_x86_64.tar.gz"

[tools.lazydocker."platforms.linux-x64-musl"]
checksum = "sha256:0d9dbfc26068b218e7ed84b104748cadc6e3cf733c0afd35465306fb39b9523c"
url = "https://github.com/jesseduffield/lazydocker/releases/download/v0.25.2/lazydocker_0.25.2_Linux_x86_64.tar.gz"

[tools.lazydocker."platforms.macos-arm64"]
checksum = "sha256:4a54d7b4abdf255b2bce9806641eac5568d5b7fbc820c1b5d3f9e34ea1367d60"
url = "https://github.com/jesseduffield/lazydocker/releases/download/v0.25.2/lazydocker_0.25.2_Darwin_arm64.tar.gz"

[tools.lazydocker."platforms.macos-x64"]
checksum = "sha256:af70b6e234089aa24924db25fc201d17f224e76d334e743e4595d30cf83a013b"
url = "https://github.com/jesseduffield/lazydocker/releases/download/v0.25.2/lazydocker_0.25.2_Darwin_x86_64.tar.gz"

[tools.lazydocker."platforms.windows-x64"]
checksum = "sha256:facae8869c1bf144468191c563002162273a2c2761f052659170530cae3fa8a9"
url = "https://github.com/jesseduffield/lazydocker/releases/download/v0.25.2/lazydocker_0.25.2_Windows_x86_64.zip"

[[tools.lazygit]]
version = "0.61.1"
backend = "aqua:jesseduffield/lazygit"

[tools.lazygit."platforms.linux-arm64"]
checksum = "sha256:20b1abb2bee5dfd46173b9047353eb678bc51a23839e821958d0b1863ab1655e"
url = "https://github.com/jesseduffield/lazygit/releases/download/v0.61.1/lazygit_0.61.1_linux_arm64.tar.gz"

[tools.lazygit."platforms.linux-arm64-musl"]
checksum = "sha256:20b1abb2bee5dfd46173b9047353eb678bc51a23839e821958d0b1863ab1655e"
url = "https://github.com/jesseduffield/lazygit/releases/download/v0.61.1/lazygit_0.61.1_linux_arm64.tar.gz"

[tools.lazygit."platforms.linux-x64"]
checksum = "sha256:1b91e660700f2332696726b635202576b543e2bc49b639830dccd26bc5160d5d"
url = "https://github.com/jesseduffield/lazygit/releases/download/v0.61.1/lazygit_0.61.1_linux_x86_64.tar.gz"

[tools.lazygit."platforms.linux-x64-musl"]
checksum = "sha256:1b91e660700f2332696726b635202576b543e2bc49b639830dccd26bc5160d5d"
url = "https://github.com/jesseduffield/lazygit/releases/download/v0.61.1/lazygit_0.61.1_linux_x86_64.tar.gz"

[tools.lazygit."platforms.macos-arm64"]
checksum = "sha256:cb665faec92d1574d398296869c084d2b9686464a42806558b967bb87cd07bc9"
url = "https://github.com/jesseduffield/lazygit/releases/download/v0.61.1/lazygit_0.61.1_darwin_arm64.tar.gz"

[tools.lazygit."platforms.macos-x64"]
checksum = "sha256:6efdb97b8ec24b5729156555d6bc05b340776f00084ddd78ab8bdc7f3dd9b727"
url = "https://github.com/jesseduffield/lazygit/releases/download/v0.61.1/lazygit_0.61.1_darwin_x86_64.tar.gz"

[tools.lazygit."platforms.windows-x64"]
checksum = "sha256:6024f3094904caaf9b9672b801cba31a65ad36729a0d2c5a03c432f739c0678b"
url = "https://github.com/jesseduffield/lazygit/releases/download/v0.61.1/lazygit_0.61.1_windows_x86_64.zip"

[[tools.node]]
version = "24.15.0"
backend = "core:node"

[tools.node."platforms.linux-arm64"]
checksum = "sha256:73afc234d558c24919875f51c2d1ea002a2ada4ea6f83601a383869fefa64eed"
url = "https://nodejs.org/dist/v24.15.0/node-v24.15.0-linux-arm64.tar.gz"

[tools.node."platforms.linux-arm64-musl"]
checksum = "sha256:31e98aa960a067da91edffd5d93bc46657b5d2a8029612c359f5f2ac0060152a"
url = "https://unofficial-builds.nodejs.org/download/release/v24.15.0/node-v24.15.0-linux-arm64-musl.tar.gz"

[tools.node."platforms.linux-x64"]
checksum = "sha256:44836872d9aec49f1e6b52a9a922872db9a2b02d235a616a5681b6a85fec8d89"
url = "https://nodejs.org/dist/v24.15.0/node-v24.15.0-linux-x64.tar.gz"

[tools.node."platforms.linux-x64-musl"]
checksum = "sha256:f55af5bd489c5347b113ca6594cae00a54b30ba57ac5875324311bfc6f4762e3"
url = "https://unofficial-builds.nodejs.org/download/release/v24.15.0/node-v24.15.0-linux-x64-musl.tar.gz"

[tools.node."platforms.macos-arm64"]
checksum = "sha256:372331b969779ab5d15b949884fc6eaf88d5afe87bde8ba881d6400b9100ffc4"
url = "https://nodejs.org/dist/v24.15.0/node-v24.15.0-darwin-arm64.tar.gz"

[tools.node."platforms.macos-x64"]
checksum = "sha256:ffd5ee293467927f3ee731a553eb88fd1f48cf74eebc2d74a6babe4af228673b"
url = "https://nodejs.org/dist/v24.15.0/node-v24.15.0-darwin-x64.tar.gz"

[tools.node."platforms.windows-x64"]
checksum = "sha256:cc5149eabd53779ce1e7bdc5401643622d0c7e6800ade18928a767e940bb0e62"
url = "https://nodejs.org/dist/v24.15.0/node-v24.15.0-win-x64.zip"

[[tools."npm:@antfu/ni"]]
version = "30.1.0"
backend = "npm:@antfu/ni"

[[tools."npm:@anthropic-ai/sandbox-runtime"]]
version = "0.0.51"
backend = "npm:@anthropic-ai/sandbox-runtime"

[[tools."npm:@olrtg/emmet-language-server"]]
version = "2.8.0"
backend = "npm:@olrtg/emmet-language-server"

[[tools."npm:@vue/language-server"]]
version = "3.2.8"
backend = "npm:@vue/language-server"

[[tools."npm:react-devtools"]]
version = "7.0.1"
backend = "npm:react-devtools"

[[tools."npm:some-sass-language-server"]]
version = "2.3.8"
backend = "npm:some-sass-language-server"

[[tools."npm:typescript"]]
version = "6.0.3"
backend = "npm:typescript"

[[tools."npm:typescript-language-server"]]
version = "5.2.0"
backend = "npm:typescript-language-server"

[[tools."npm:vscode-langservers-extracted"]]
version = "4.10.0"
backend = "npm:vscode-langservers-extracted"

[[tools.pnpm]]
version = "11.1.1"
backend = "aqua:pnpm/pnpm"

[tools.pnpm."platforms.linux-arm64"]
checksum = "sha256:e2221b71d0d75b2ce32eabad8391253578395d9844f6538343330e9b1940dc79"
url = "https://github.com/pnpm/pnpm/releases/download/v11.1.1/pnpm-linux-arm64.tar.gz"
provenance = "github-attestations"

[tools.pnpm."platforms.linux-arm64-musl"]
checksum = "sha256:187418f2cd2f164c4dfd678f6484331a5b2350e45c26028ce42f8872343fd24a"
url = "https://github.com/pnpm/pnpm/releases/download/v11.1.1/pnpm-linux-arm64-musl.tar.gz"
provenance = "github-attestations"

[tools.pnpm."platforms.linux-x64"]
checksum = "sha256:f5f72f96d131e19ae5b2ce083914641439c8b5b6b14e4b7157320191eaa24bd4"
url = "https://github.com/pnpm/pnpm/releases/download/v11.1.1/pnpm-linux-x64.tar.gz"
provenance = "github-attestations"

[tools.pnpm."platforms.linux-x64-musl"]
checksum = "sha256:94fd573ff877e3f7dc88c92b57d2c00a96d7b3a134ce9534f6adc541ee98696e"
url = "https://github.com/pnpm/pnpm/releases/download/v11.1.1/pnpm-linux-x64-musl.tar.gz"
provenance = "github-attestations"

[tools.pnpm."platforms.macos-arm64"]
checksum = "sha256:e3603ea3bb3911a89f4f8d1a38e8cc6aa6bdbc99b12fad01d94ecba861e8b916"
url = "https://github.com/pnpm/pnpm/releases/download/v11.1.1/pnpm-darwin-arm64.tar.gz"
provenance = "github-attestations"

[tools.pnpm."platforms.windows-x64"]
checksum = "sha256:486a8d063b3143c80be9e1ed21a0d53eb3fa19fe7b1d8f1973a91112d321e709"
url = "https://github.com/pnpm/pnpm/releases/download/v11.1.1/pnpm-win32-x64.zip"
provenance = "github-attestations"

[[tools.resvg]]
version = "0.47.0"
backend = "aqua:linebender/resvg"

[tools.resvg."platforms.linux-x64"]
checksum = "sha256:5c84dcbcd032fe7e8d96e616fd6807a2f9df6561d2e6582b37e91e63c6cb4fe7"
url = "https://github.com/linebender/resvg/releases/download/v0.47.0/resvg-linux-x86_64.tar.gz"

[tools.resvg."platforms.linux-x64-musl"]
checksum = "sha256:5c84dcbcd032fe7e8d96e616fd6807a2f9df6561d2e6582b37e91e63c6cb4fe7"
url = "https://github.com/linebender/resvg/releases/download/v0.47.0/resvg-linux-x86_64.tar.gz"

[tools.resvg."platforms.macos-arm64"]
checksum = "sha256:3f6d9ffb72ea347f964770b38a71b2f181209190e77278bbb9f179c0d05a0eaa"
url = "https://github.com/linebender/resvg/releases/download/v0.47.0/resvg-macos-x86_64.zip"

[tools.resvg."platforms.macos-x64"]
checksum = "sha256:3f6d9ffb72ea347f964770b38a71b2f181209190e77278bbb9f179c0d05a0eaa"
url = "https://github.com/linebender/resvg/releases/download/v0.47.0/resvg-macos-x86_64.zip"

[tools.resvg."platforms.windows-x64"]
checksum = "sha256:5684e59ceaa53ce720b49efb441b0918ae99d04e8ce3f6f753664524592d67f1"
url = "https://github.com/linebender/resvg/releases/download/v0.47.0/resvg-win64.zip"

[[tools.ripgrep]]
version = "15.1.0"
backend = "aqua:BurntSushi/ripgrep"

[tools.ripgrep."platforms.linux-arm64"]
checksum = "sha256:2b661c6ef508e902f388e9098d9c4c5aca72c87b55922d94abdba830b4dc885e"
url = "https://github.com/BurntSushi/ripgrep/releases/download/15.1.0/ripgrep-15.1.0-aarch64-unknown-linux-gnu.tar.gz"

[tools.ripgrep."platforms.linux-arm64-musl"]
checksum = "sha256:2b661c6ef508e902f388e9098d9c4c5aca72c87b55922d94abdba830b4dc885e"
url = "https://github.com/BurntSushi/ripgrep/releases/download/15.1.0/ripgrep-15.1.0-aarch64-unknown-linux-gnu.tar.gz"

[tools.ripgrep."platforms.linux-x64"]
checksum = "sha256:1c9297be4a084eea7ecaedf93eb03d058d6faae29bbc57ecdaf5063921491599"
url = "https://github.com/BurntSushi/ripgrep/releases/download/15.1.0/ripgrep-15.1.0-x86_64-unknown-linux-musl.tar.gz"

[tools.ripgrep."platforms.linux-x64-musl"]
checksum = "sha256:1c9297be4a084eea7ecaedf93eb03d058d6faae29bbc57ecdaf5063921491599"
url = "https://github.com/BurntSushi/ripgrep/releases/download/15.1.0/ripgrep-15.1.0-x86_64-unknown-linux-musl.tar.gz"

[tools.ripgrep."platforms.macos-arm64"]
checksum = "sha256:378e973289176ca0c6054054ee7f631a065874a352bf43f0fa60ef079b6ba715"
url = "https://github.com/BurntSushi/ripgrep/releases/download/15.1.0/ripgrep-15.1.0-aarch64-apple-darwin.tar.gz"

[tools.ripgrep."platforms.macos-x64"]
checksum = "sha256:64811cb24e77cac3057d6c40b63ac9becf9082eedd54ca411b475b755d334882"
url = "https://github.com/BurntSushi/ripgrep/releases/download/15.1.0/ripgrep-15.1.0-x86_64-apple-darwin.tar.gz"

[tools.ripgrep."platforms.windows-x64"]
checksum = "sha256:124510b94b6baa3380d051fdf4650eaa80a302c876d611e9dba0b2e18d87493a"
url = "https://github.com/BurntSushi/ripgrep/releases/download/15.1.0/ripgrep-15.1.0-x86_64-pc-windows-msvc.zip"

[[tools.ruby]]
version = "4.0.4"
backend = "core:ruby"

[tools.ruby."platforms.linux-arm64"]
checksum = "sha256:082cd26fcbf14ba513cf46306e4da55109de25eb08b5aea95616df5f72c42ed8"
url = "https://github.com/jdx/ruby/releases/download/4.0.4-1/ruby-4.0.4.arm64_linux.tar.gz"
provenance = "github-attestations"

[tools.ruby."platforms.linux-arm64-musl"]
checksum = "sha256:082cd26fcbf14ba513cf46306e4da55109de25eb08b5aea95616df5f72c42ed8"
url = "https://github.com/jdx/ruby/releases/download/4.0.4-1/ruby-4.0.4.arm64_linux.tar.gz"
provenance = "github-attestations"

[tools.ruby."platforms.linux-x64"]
checksum = "sha256:ecc4d8a3ec926b46533e27bb7bba921507406c6fa61e034e8f75cd127ac30796"
url = "https://github.com/jdx/ruby/releases/download/4.0.4-1/ruby-4.0.4.x86_64_linux.tar.gz"
provenance = "github-attestations"

[tools.ruby."platforms.linux-x64-musl"]
checksum = "sha256:ecc4d8a3ec926b46533e27bb7bba921507406c6fa61e034e8f75cd127ac30796"
url = "https://github.com/jdx/ruby/releases/download/4.0.4-1/ruby-4.0.4.x86_64_linux.tar.gz"
provenance = "github-attestations"

[tools.ruby."platforms.macos-arm64"]
checksum = "sha256:8e94f0e6d0b45636db21804dc2095b7d93d6fa3f639864769a4a7de2a6f3cdea"
url = "https://github.com/jdx/ruby/releases/download/4.0.4-1/ruby-4.0.4.macos.tar.gz"
provenance = "github-attestations"

[tools.ruby."platforms.macos-x64"]
checksum = "sha256:f35f6edfa3dabb3f723f9d0cf1906c6512ae77f4e412ab1e68cc6e91d230fa80"
url = "https://cache.ruby-lang.org/pub/ruby/4.0/ruby-4.0.4.tar.gz"

[tools.ruby."platforms.windows-x64"]
url = "https://github.com/oneclick/rubyinstaller2/releases/download/RubyInstaller-4.0.4-1/rubyinstaller-4.0.4-1-x64.7z"

[[tools.rust]]
version = "1.95.0"
backend = "core:rust"

[[tools.rust-analyzer]]
version = "2026-05-11"
backend = "aqua:rust-lang/rust-analyzer"

[tools.rust-analyzer."platforms.linux-arm64"]
checksum = "sha256:dbe8c4c0bed79f36133c9d0a0eb629709d91343e065a179cd4a5f8137817de1c"
url = "https://github.com/rust-lang/rust-analyzer/releases/download/2026-05-11/rust-analyzer-aarch64-unknown-linux-gnu.gz"

[tools.rust-analyzer."platforms.linux-x64"]
checksum = "sha256:ede62b8536a37c90d804850d0bed3623e3d6af90a1195e4930a1627e5d8ae33f"
url = "https://github.com/rust-lang/rust-analyzer/releases/download/2026-05-11/rust-analyzer-x86_64-unknown-linux-gnu.gz"

[tools.rust-analyzer."platforms.linux-x64-musl"]
checksum = "sha256:11cd83644787aa962bcff5a61956ad0c4a9a0c36b2eb43d0ef5a2cc6b69dfaf0"
url = "https://github.com/rust-lang/rust-analyzer/releases/download/2026-05-11/rust-analyzer-x86_64-unknown-linux-musl.gz"

[tools.rust-analyzer."platforms.macos-arm64"]
checksum = "sha256:eeb6367cd2c6cc9217ae06cea2e0c7e9cf20cdac5e934a1b272b13c76ece5aee"
url = "https://github.com/rust-lang/rust-analyzer/releases/download/2026-05-11/rust-analyzer-aarch64-apple-darwin.gz"

[tools.rust-analyzer."platforms.macos-x64"]
checksum = "sha256:718398822ec2f282bca36f6f109bbbb33746437e1a63946fe7fd3d84d502a67d"
url = "https://github.com/rust-lang/rust-analyzer/releases/download/2026-05-11/rust-analyzer-x86_64-apple-darwin.gz"

[tools.rust-analyzer."platforms.windows-x64"]
checksum = "sha256:1600365f2d8b0e42a811eafb5e129b75b991ddf9d9955d19d8fc2f4f2b9c19ef"
url = "https://github.com/rust-lang/rust-analyzer/releases/download/2026-05-11/rust-analyzer-x86_64-pc-windows-msvc.zip"

[[tools.starship]]
version = "1.25.1"
backend = "aqua:starship/starship"

[tools.starship."platforms.linux-arm64"]
checksum = "sha256:01517aab398959ea9ea73bdb4f032ea4dbb51dff5c8e5eb05b4a1b9b7ab872b8"
url = "https://github.com/starship/starship/releases/download/v1.25.1/starship-aarch64-unknown-linux-musl.tar.gz"

[tools.starship."platforms.linux-arm64-musl"]
checksum = "sha256:01517aab398959ea9ea73bdb4f032ea4dbb51dff5c8e5eb05b4a1b9b7ab872b8"
url = "https://github.com/starship/starship/releases/download/v1.25.1/starship-aarch64-unknown-linux-musl.tar.gz"

[tools.starship."platforms.linux-x64"]
checksum = "sha256:c6ddd3ecb9c0071a2ad38d98cee748160066b7c4f197421268058f4a5d6f8504"
url = "https://github.com/starship/starship/releases/download/v1.25.1/starship-x86_64-unknown-linux-musl.tar.gz"

[tools.starship."platforms.linux-x64-musl"]
checksum = "sha256:c6ddd3ecb9c0071a2ad38d98cee748160066b7c4f197421268058f4a5d6f8504"
url = "https://github.com/starship/starship/releases/download/v1.25.1/starship-x86_64-unknown-linux-musl.tar.gz"

[tools.starship."platforms.macos-arm64"]
checksum = "sha256:1062a2363489b9335529b83204472f02633c08fc3609f1b325be5eba36feb631"
url = "https://github.com/starship/starship/releases/download/v1.25.1/starship-aarch64-apple-darwin.tar.gz"

[tools.starship."platforms.macos-x64"]
checksum = "sha256:f86fbe7a3b9f262bcf34ca61e9e996243da511c5500dcd81a1e4daa542869276"
url = "https://github.com/starship/starship/releases/download/v1.25.1/starship-x86_64-apple-darwin.tar.gz"

[tools.starship."platforms.windows-x64"]
checksum = "sha256:a07cf3e428afab09324e510fb786041ebcc491a68b1ca6fba044c5a461f9b017"
url = "https://github.com/starship/starship/releases/download/v1.25.1/starship-x86_64-pc-windows-msvc.zip"

[[tools.tinymist]]
version = "0.14.18"
backend = "aqua:Myriad-Dreamin/tinymist"

[tools.tinymist."platforms.linux-arm64"]
checksum = "sha256:d97cd13f692f216bd94e1866cb0abb7371da6c5c7df3e9c2a4ca5378c0cdcdf2"
url = "https://github.com/Myriad-Dreamin/tinymist/releases/download/v0.14.18/tinymist-linux-arm64"

[tools.tinymist."platforms.linux-arm64-musl"]
checksum = "sha256:d97cd13f692f216bd94e1866cb0abb7371da6c5c7df3e9c2a4ca5378c0cdcdf2"
url = "https://github.com/Myriad-Dreamin/tinymist/releases/download/v0.14.18/tinymist-linux-arm64"

[tools.tinymist."platforms.linux-x64"]
checksum = "sha256:c7bdb0c7816b463fd450f1d2a19fed4d1f30a43a4458cacaadcb1d2aeaed1942"
url = "https://github.com/Myriad-Dreamin/tinymist/releases/download/v0.14.18/tinymist-linux-x64"

[tools.tinymist."platforms.linux-x64-musl"]
checksum = "sha256:c7bdb0c7816b463fd450f1d2a19fed4d1f30a43a4458cacaadcb1d2aeaed1942"
url = "https://github.com/Myriad-Dreamin/tinymist/releases/download/v0.14.18/tinymist-linux-x64"

[tools.tinymist."platforms.macos-arm64"]
checksum = "sha256:f0eea7b0edd6e4126ba42fdab6157977bba98de344c4d477fee950abb1bc9ee8"
url = "https://github.com/Myriad-Dreamin/tinymist/releases/download/v0.14.18/tinymist-darwin-arm64"

[tools.tinymist."platforms.macos-x64"]
checksum = "sha256:a7cfc032d1fb5d5308db935e38595d41a99fd4c431d98f7b139368847b31b30f"
url = "https://github.com/Myriad-Dreamin/tinymist/releases/download/v0.14.18/tinymist-darwin-x64"

[tools.tinymist."platforms.windows-x64"]
checksum = "sha256:16a0d40c84010f989cfd6c46af37b7580cb5cfc65f2d5ee9034315233c55e437"
url = "https://github.com/Myriad-Dreamin/tinymist/releases/download/v0.14.18/tinymist-win32-x64.exe"

[[tools.tombi]]
version = "0.11.1"
backend = "aqua:tombi-toml/tombi"

[tools.tombi."platforms.linux-arm64"]
checksum = "sha256:f08c006ac16e8cf100c41e66276b22d29ea1a051f0d8a36b5a07dbfa36ce41fd"
url = "https://github.com/tombi-toml/tombi/releases/download/v0.11.1/tombi-cli-0.11.1-aarch64-unknown-linux-musl.tar.gz"

[tools.tombi."platforms.linux-arm64-musl"]
checksum = "sha256:f08c006ac16e8cf100c41e66276b22d29ea1a051f0d8a36b5a07dbfa36ce41fd"
url = "https://github.com/tombi-toml/tombi/releases/download/v0.11.1/tombi-cli-0.11.1-aarch64-unknown-linux-musl.tar.gz"

[tools.tombi."platforms.linux-x64"]
checksum = "sha256:827a8de6959b37b28e9a4d2dc3bfdb28e647d6de690d81a9a6751afabaa73763"
url = "https://github.com/tombi-toml/tombi/releases/download/v0.11.1/tombi-cli-0.11.1-x86_64-unknown-linux-musl.tar.gz"

[tools.tombi."platforms.linux-x64-musl"]
checksum = "sha256:827a8de6959b37b28e9a4d2dc3bfdb28e647d6de690d81a9a6751afabaa73763"
url = "https://github.com/tombi-toml/tombi/releases/download/v0.11.1/tombi-cli-0.11.1-x86_64-unknown-linux-musl.tar.gz"

[tools.tombi."platforms.macos-arm64"]
checksum = "sha256:e8624e4fce53073c0ae85b759eb0b901c95d9ae28c025586e4c629ac9ea2cf67"
url = "https://github.com/tombi-toml/tombi/releases/download/v0.11.1/tombi-cli-0.11.1-aarch64-apple-darwin.tar.gz"

[tools.tombi."platforms.macos-x64"]
checksum = "sha256:c9245de0d601154d01e0cd6d57f0b92465b1fa03f95221faca13a929b1e4648e"
url = "https://github.com/tombi-toml/tombi/releases/download/v0.11.1/tombi-cli-0.11.1-x86_64-apple-darwin.tar.gz"

[tools.tombi."platforms.windows-x64"]
checksum = "sha256:ad90d99ed4a525b820afeb414946e9bfe20770913d1975da04f57a350729e7d4"
url = "https://github.com/tombi-toml/tombi/releases/download/v0.11.1/tombi-cli-0.11.1-x86_64-pc-windows-msvc.zip"

[[tools.typst]]
version = "0.14.2"
backend = "aqua:typst/typst"

[tools.typst."platforms.linux-arm64"]
checksum = "sha256:491b101aa40a3a7ea82a3f8a6232cabb4e6a7e233810082e5ac812d43fdcd47a"
url = "https://github.com/typst/typst/releases/download/v0.14.2/typst-aarch64-unknown-linux-musl.tar.xz"

[tools.typst."platforms.linux-arm64-musl"]
checksum = "sha256:491b101aa40a3a7ea82a3f8a6232cabb4e6a7e233810082e5ac812d43fdcd47a"
url = "https://github.com/typst/typst/releases/download/v0.14.2/typst-aarch64-unknown-linux-musl.tar.xz"

[tools.typst."platforms.linux-x64"]
checksum = "sha256:a6044cbad2a954deb921167e257e120ac0a16b20339ec01121194ff9d394996d"
url = "https://github.com/typst/typst/releases/download/v0.14.2/typst-x86_64-unknown-linux-musl.tar.xz"

[tools.typst."platforms.linux-x64-musl"]
checksum = "sha256:a6044cbad2a954deb921167e257e120ac0a16b20339ec01121194ff9d394996d"
url = "https://github.com/typst/typst/releases/download/v0.14.2/typst-x86_64-unknown-linux-musl.tar.xz"

[tools.typst."platforms.macos-arm64"]
checksum = "sha256:470aa49a2298d20b65c119a10e4ff8808550453e0cb4d85625b89caf0cedf048"
url = "https://github.com/typst/typst/releases/download/v0.14.2/typst-aarch64-apple-darwin.tar.xz"

[tools.typst."platforms.macos-x64"]
checksum = "sha256:4e91d8e1e33ab164f949c5762e01ee3faa585c8615a2a6bd5e3677fa8506b249"
url = "https://github.com/typst/typst/releases/download/v0.14.2/typst-x86_64-apple-darwin.tar.xz"

[tools.typst."platforms.windows-x64"]
checksum = "sha256:51353994ac83218c3497052e89b2c432c53b9d4439cdc1b361e2ea4798ebfc13"
url = "https://github.com/typst/typst/releases/download/v0.14.2/typst-x86_64-pc-windows-msvc.zip"

[[tools.watchexec]]
version = "2.5.1"
backend = "aqua:watchexec/watchexec"

[tools.watchexec."platforms.linux-arm64"]
checksum = "sha256:c073887583d502fa0b393a8b847bb4460a111b3b0a199d1f70dafd5d89e71a2f"
url = "https://github.com/watchexec/watchexec/releases/download/v2.5.1/watchexec-2.5.1-aarch64-unknown-linux-musl.tar.xz"

[tools.watchexec."platforms.linux-arm64-musl"]
checksum = "sha256:c073887583d502fa0b393a8b847bb4460a111b3b0a199d1f70dafd5d89e71a2f"
url = "https://github.com/watchexec/watchexec/releases/download/v2.5.1/watchexec-2.5.1-aarch64-unknown-linux-musl.tar.xz"

[tools.watchexec."platforms.linux-x64"]
checksum = "sha256:9efabd08de720c1ee7e57b487fe11904f0966828e76146e2b5ea5deee90626be"
url = "https://github.com/watchexec/watchexec/releases/download/v2.5.1/watchexec-2.5.1-x86_64-unknown-linux-musl.tar.xz"

[tools.watchexec."platforms.linux-x64-musl"]
checksum = "sha256:9efabd08de720c1ee7e57b487fe11904f0966828e76146e2b5ea5deee90626be"
url = "https://github.com/watchexec/watchexec/releases/download/v2.5.1/watchexec-2.5.1-x86_64-unknown-linux-musl.tar.xz"

[tools.watchexec."platforms.macos-arm64"]
checksum = "sha256:c5e405dd1109940b2510398d2182990c1be59063b94e11d7ace9c7b435cb1df1"
url = "https://github.com/watchexec/watchexec/releases/download/v2.5.1/watchexec-2.5.1-aarch64-apple-darwin.tar.xz"

[tools.watchexec."platforms.macos-x64"]
checksum = "sha256:bb74bf33286ff7f31dd8e763e017fbc0418360d88baefd35bc57d662d28394e2"
url = "https://github.com/watchexec/watchexec/releases/download/v2.5.1/watchexec-2.5.1-x86_64-apple-darwin.tar.xz"

[tools.watchexec."platforms.windows-x64"]
checksum = "sha256:aa448c2704ca1a37ce0f1fc75381d9a411946dd293cf6236293f549426a577f7"
url = "https://github.com/watchexec/watchexec/releases/download/v2.5.1/watchexec-2.5.1-x86_64-pc-windows-msvc.zip"

[[tools.yazi]]
version = "26.1.22"
backend = "aqua:sxyazi/yazi"

[tools.yazi."platforms.linux-arm64"]
checksum = "sha256:91a37cdb3aa49f903aab6af57bca708935acb6def1d9f218716ab414f0a3a8b1"
url = "https://github.com/sxyazi/yazi/releases/download/v26.1.22/yazi-aarch64-unknown-linux-musl.zip"

[tools.yazi."platforms.linux-arm64-musl"]
checksum = "sha256:91a37cdb3aa49f903aab6af57bca708935acb6def1d9f218716ab414f0a3a8b1"
url = "https://github.com/sxyazi/yazi/releases/download/v26.1.22/yazi-aarch64-unknown-linux-musl.zip"

[tools.yazi."platforms.linux-x64"]
checksum = "sha256:b977351968206c0b78d2ef5bf21351685cc191b58a4c7e1c98c37db5d0a381f8"
url = "https://github.com/sxyazi/yazi/releases/download/v26.1.22/yazi-x86_64-unknown-linux-musl.zip"

[tools.yazi."platforms.linux-x64-musl"]
checksum = "sha256:b977351968206c0b78d2ef5bf21351685cc191b58a4c7e1c98c37db5d0a381f8"
url = "https://github.com/sxyazi/yazi/releases/download/v26.1.22/yazi-x86_64-unknown-linux-musl.zip"

[tools.yazi."platforms.macos-arm64"]
checksum = "sha256:8355ad582dd9f4ef1f88a228080f2b6116bbb483dd48d1bde555d475f4d2afe4"
url = "https://github.com/sxyazi/yazi/releases/download/v26.1.22/yazi-aarch64-apple-darwin.zip"

[tools.yazi."platforms.macos-x64"]
checksum = "sha256:1e097c015a968aba29bbc11bffdb99a7aedaf92c78df09d00613283dac0f148c"
url = "https://github.com/sxyazi/yazi/releases/download/v26.1.22/yazi-x86_64-apple-darwin.zip"

[tools.yazi."platforms.windows-x64"]
checksum = "sha256:7d6c8e3f596f99dd8f20fc7b806c9195c4746c2b7100d0e90a7ff80c259c899a"
url = "https://github.com/sxyazi/yazi/releases/download/v26.1.22/yazi-x86_64-pc-windows-msvc.zip"
